{
    "_meta": {
        "hash": {
            "sha256": "c5da83733fdec461c52a45eb5cbfea0f8cc45c936affb0aafc50bf4e1d295d79"
        },
        "pipfile-spec": 6,
        "requires": {
            "python_version": "3.8"
        },
        "sources": [
            {
                "name": "pypi",
                "url": "https://pypi.org/simple",
                "verify_ssl": true
            }
        ]
    },
    "default": {
        "aniso8601": {
            "hashes": [
                "sha256:513d2b6637b7853806ae79ffaca6f3e8754bdd547048f5ccc1420aec4b714f1e",
                "sha256:d10a4bf949f619f719b227ef5386e31f49a2b6d453004b21f02661ccc8670c7b"
            ],
            "index": "pypi",
            "version": "==7.0.0"
        },
        "attrs": {
            "hashes": [
                "sha256:69c0dbf2ed392de1cb5ec704444b08a5ef81680a61cb899dc08127123af36a79",
                "sha256:f0b870f674851ecbfbbbd364d6b5cbdff9dcedbc7f3f5e18a6891057f21fe399"
            ],
            "index": "pypi",
            "version": "==19.1.0"
        },
        "click": {
            "hashes": [
                "sha256:2335065e6395b9e67ca716de5f7526736bfa6ceead690adf616d925bdc622b13",
                "sha256:5b94b49521f6456670fdb30cd82a4eca9412788a93fa6dd6df72c94d5a8ff2d7"
            ],
            "index": "pypi",
            "version": "==7.0"
        },
        "flask": {
            "hashes": [
                "sha256:13f9f196f330c7c2c5d7a5cf91af894110ca0215ac051b5844701f2bfd934d52",
                "sha256:45eb5a6fd193d6cf7e0cf5d8a5b31f83d5faae0293695626f539a823e93b13f6"
            ],
            "index": "pypi",
            "version": "==1.1.1"
        },
        "flask-accepts": {
            "hashes": [
                "sha256:2a6f8c34213c28485e4167c61d0d2be6cbb96ab3c82968b3c5e74aae9e95586b",
                "sha256:ce5faf4116f9be546e2113a6d61658d5fa003f180c6f973ad949eb64ca6678ae"
            ],
            "index": "pypi",
            "version": "==0.10.0"
        },
        "flask-cors": {
            "hashes": [
                "sha256:72170423eb4612f0847318afff8c247b38bd516b7737adfc10d1c2cdbb382d16",
                "sha256:f4d97201660e6bbcff2d89d082b5b6d31abee04b1b3003ee073a6fd25ad1d69a"
            ],
            "index": "pypi",
            "version": "==3.0.8"
        },
        "flask-restful": {
            "hashes": [
                "sha256:ecd620c5cc29f663627f99e04f17d1f16d095c83dc1d618426e2ad68b03092f8",
                "sha256:f8240ec12349afe8df1db168ea7c336c4e5b0271a36982bff7394f93275f2ca9"
            ],
            "index": "pypi",
            "version": "==0.3.7"
        },
        "flask-restplus": {
            "hashes": [
                "sha256:3fad697e1d91dfc13c078abcb86003f438a751c5a4ff41b84c9050199d2eab62",
                "sha256:cdc27b5be63f12968a7f762eaa355e68228b0c904b4c96040a314ba7dc6d0e69"
            ],
            "index": "pypi",
            "version": "==0.12.1"
        },
        "flask-restx": {
            "hashes": [
                "sha256:a1653da19ca0b5e5c2ea59bd5f4639a7749e6a9b882f459de1814ed37872253b",
                "sha256:ca87a1808333f4ec5a50a5740b44e6cd3879a4b940d559df3996877ec4a2f2a5"
            ],
            "index": "pypi",
            "version": "==0.2.0"
        },
        "flask-script": {
            "hashes": [
                "sha256:6425963d91054cfcc185807141c7314a9c5ad46325911bd24dcb489bd0161c65"
            ],
            "index": "pypi",
            "version": "==2.0.6"
        },
        "flask-sqlalchemy": {
            "hashes": [
                "sha256:0c9609b0d72871c540a7945ea559c8fdf5455192d2db67219509aed680a3d45a",
                "sha256:8631bbea987bc3eb0f72b1f691d47bd37ceb795e73b59ab48586d76d75a7c605"
            ],
            "index": "pypi",
            "version": "==2.4.0"
        },
        "geoalchemy2": {
            "hashes": [
                "sha256:3b83654db15ed807a7bdb2e7dd1c787a47cfc3e4fb92a0558685001fbb7342da",
                "sha256:d9336f17df3e7a10f94d1ea2488dcfb97a8bc23fe7f5edea425ddab553534b0a"
            ],
            "index": "pypi",
            "version": "==0.8.4"
        },
        "itsdangerous": {
            "hashes": [
                "sha256:321b033d07f2a4136d3ec762eac9f16a10ccd60f53c0c91af90217ace7ba1f19",
                "sha256:b12271b2047cb23eeb98c8b5622e2e5c5e9abd9784a153e9d8ef9cb4dd09d749"
            ],
            "index": "pypi",
            "version": "==1.1.0"
        },
        "jinja2": {
            "hashes": [
                "sha256:89aab215427ef59c34ad58735269eb58b1a5808103067f7bb9d5836c651b3bb0",
                "sha256:f0a4641d3cf955324a89c04f3d94663aa4d638abe8f733ecd3582848e1c37035"
            ],
            "index": "pypi",
            "version": "==2.11.2"
        },
        "jsonschema": {
            "hashes": [
                "sha256:5f9c0a719ca2ce14c5de2fd350a64fd2d13e8539db29836a86adc990bb1a068f",
                "sha256:8d4a2b7b6c2237e0199c8ea1a6d3e05bf118e289ae2b9d7ba444182a2959560d"
            ],
            "index": "pypi",
            "version": "==3.0.2"
        },
        "markupsafe": {
            "hashes": [
                "sha256:00bc623926325b26bb9605ae9eae8a215691f33cae5df11ca5424f06f2d1f473",
                "sha256:09027a7803a62ca78792ad89403b1b7a73a01c8cb65909cd876f7fcebd79b161",
                "sha256:09c4b7f37d6c648cb13f9230d847adf22f8171b1ccc4d5682398e77f40309235",
                "sha256:1027c282dad077d0bae18be6794e6b6b8c91d58ed8a8d89a89d59693b9131db5",
                "sha256:13d3144e1e340870b25e7b10b98d779608c02016d5184cfb9927a9f10c689f42",
                "sha256:24982cc2533820871eba85ba648cd53d8623687ff11cbb805be4ff7b4c971aff",
                "sha256:29872e92839765e546828bb7754a68c418d927cd064fd4708fab9fe9c8bb116b",
                "sha256:43a55c2930bbc139570ac2452adf3d70cdbb3cfe5912c71cdce1c2c6bbd9c5d1",
                "sha256:46c99d2de99945ec5cb54f23c8cd5689f6d7177305ebff350a58ce5f8de1669e",
                "sha256:500d4957e52ddc3351cabf489e79c91c17f6e0899158447047588650b5e69183",
                "sha256:535f6fc4d397c1563d08b88e485c3496cf5784e927af890fb3c3aac7f933ec66",
                "sha256:596510de112c685489095da617b5bcbbac7dd6384aeebeda4df6025d0256a81b",
                "sha256:62fe6c95e3ec8a7fad637b7f3d372c15ec1caa01ab47926cfdf7a75b40e0eac1",
                "sha256:6788b695d50a51edb699cb55e35487e430fa21f1ed838122d722e0ff0ac5ba15",
                "sha256:6dd73240d2af64df90aa7c4e7481e23825ea70af4b4922f8ede5b9e35f78a3b1",
                "sha256:717ba8fe3ae9cc0006d7c451f0bb265ee07739daf76355d06366154ee68d221e",
                "sha256:79855e1c5b8da654cf486b830bd42c06e8780cea587384cf6545b7d9ac013a0b",
                "sha256:7c1699dfe0cf8ff607dbdcc1e9b9af1755371f92a68f706051cc8c37d447c905",
                "sha256:88e5fcfb52ee7b911e8bb6d6aa2fd21fbecc674eadd44118a9cc3863f938e735",
                "sha256:8defac2f2ccd6805ebf65f5eeb132adcf2ab57aa11fdf4c0dd5169a004710e7d",
                "sha256:98c7086708b163d425c67c7a91bad6e466bb99d797aa64f965e9d25c12111a5e",
                "sha256:9add70b36c5666a2ed02b43b335fe19002ee5235efd4b8a89bfcf9005bebac0d",
                "sha256:9bf40443012702a1d2070043cb6291650a0841ece432556f784f004937f0f32c",
                "sha256:ade5e387d2ad0d7ebf59146cc00c8044acbd863725f887353a10df825fc8ae21",
                "sha256:b00c1de48212e4cc9603895652c5c410df699856a2853135b3967591e4beebc2",
                "sha256:b1282f8c00509d99fef04d8ba936b156d419be841854fe901d8ae224c59f0be5",
                "sha256:b2051432115498d3562c084a49bba65d97cf251f5a331c64a12ee7e04dacc51b",
                "sha256:ba59edeaa2fc6114428f1637ffff42da1e311e29382d81b339c1817d37ec93c6",
                "sha256:c8716a48d94b06bb3b2524c2b77e055fb313aeb4ea620c8dd03a105574ba704f",
                "sha256:cd5df75523866410809ca100dc9681e301e3c27567cf498077e8551b6d20e42f",
                "sha256:cdb132fc825c38e1aeec2c8aa9338310d29d337bebbd7baa06889d09a60a1fa2",
                "sha256:e249096428b3ae81b08327a63a485ad0878de3fb939049038579ac0ef61e17e7",
                "sha256:e8313f01ba26fbbe36c7be1966a7b7424942f670f38e666995b88d012765b9be"
            ],
            "index": "pypi",
            "version": "==1.1.1"
        },
        "marshmallow": {
            "hashes": [
                "sha256:67bf4cae9d3275b3fc74bd7ff88a7c98ee8c57c94b251a67b031dc293ecc4b76",
                "sha256:a2a5eefb4b75a3b43f05be1cca0b6686adf56af7465c3ca629e5ad8d1e1fe13d"
            ],
            "index": "pypi",
            "version": "==3.7.1"
        },
        "marshmallow-sqlalchemy": {
            "hashes": [
                "sha256:03a555b610bb307689b821b64e2416593ec21a85925c8c436c2cd08ebc6bb85e",
                "sha256:0ef59c8da8da2e18e808e3880158049e9d72f3031c84cc804b6c533a0eb668a9"
            ],
            "index": "pypi",
            "version": "==0.23.1"
        },
        "psycopg2-binary": {
            "hashes": [
                "sha256:008da3ab51adc70a5f1cfbbe5db3a22607ab030eb44bcecf517ad11a0c2b3cac",
                "sha256:07cf82c870ec2d2ce94d18e70c13323c89f2f2a2628cbf1feee700630be2519a",
                "sha256:08507efbe532029adee21b8d4c999170a83760d38249936038bd0602327029b5",
                "sha256:107d9be3b614e52a192719c6bf32e8813030020ea1d1215daa86ded9a24d8b04",
                "sha256:17a0ea0b0eabf07035e5e0d520dabc7950aeb15a17c6d36128ba99b2721b25b1",
                "sha256:3286541b9d85a340ee4ed42732d15fc1bb441dc500c97243a768154ab8505bb5",
                "sha256:3939cf75fc89c5e9ed836e228c4a63604dff95ad19aed2bbf71d5d04c15ed5ce",
                "sha256:40abc319f7f26c042a11658bf3dd3b0b3bceccf883ec1c565d5c909a90204434",
                "sha256:51f7823f1b087d2020d8e8c9e6687473d3d239ba9afc162d9b2ab6e80b53f9f9",
                "sha256:6bb2dd006a46a4a4ce95201f836194eb6a1e863f69ee5bab506673e0ca767057",
                "sha256:702f09d8f77dc4794651f650828791af82f7c2efd8c91ae79e3d9fe4bb7d4c98",
                "sha256:7036ccf715925251fac969f4da9ad37e4b7e211b1e920860148a10c0de963522",
                "sha256:7b832d76cc65c092abd9505cc670c4e3421fd136fb6ea5b94efbe4c146572505",
                "sha256:8f74e631b67482d504d7e9cf364071fc5d54c28e79a093ff402d5f8f81e23bfa",
                "sha256:930315ac53dc65cbf52ab6b6d27422611f5fb461d763c531db229c7e1af6c0b3",
                "sha256:96d3038f5bd061401996614f65d27a4ecb62d843eb4f48e212e6d129171a721f",
                "sha256:a20299ee0ea2f9cca494396ac472d6e636745652a64a418b39522c120fd0a0a4",
                "sha256:a34826d6465c2e2bbe9d0605f944f19d2480589f89863ed5f091943be27c9de4",
                "sha256:a69970ee896e21db4c57e398646af9edc71c003bc52a3cc77fb150240fefd266",
                "sha256:b9a8b391c2b0321e0cd7ec6b4cfcc3dd6349347bd1207d48bcb752aa6c553a66",
                "sha256:ba13346ff6d3eb2dca0b6fa0d8a9d999eff3dcd9b55f3a890f12b0b6362b2b38",
                "sha256:bb0608694a91db1e230b4a314e8ed00ad07ed0c518f9a69b83af2717e31291a3",
                "sha256:c8830b7d5f16fd79d39b21e3d94f247219036b29b30c8270314c46bf8b732389",
                "sha256:cac918cd7c4c498a60f5d2a61d4f0a6091c2c9490d81bc805c963444032d0dab",
                "sha256:cc30cb900f42c8a246e2cb76539d9726f407330bc244ca7729c41a44e8d807fb",
                "sha256:ccdc6a87f32b491129ada4b87a43b1895cf2c20fdb7f98ad979647506ffc41b6",
                "sha256:d1a8b01f6a964fec702d6b6dac1f91f2b9f9fe41b310cbb16c7ef1fac82df06d",
                "sha256:e004db88e5a75e5fdab1620fb9f90c9598c2a195a594225ac4ed2a6f1c23e162",
                "sha256:eb2f43ae3037f1ef5e19339c41cf56947021ac892f668765cd65f8ab9814192e",
                "sha256:fa466306fcf6b39b8a61d003123d442b23707d635a5cb05ac4e1b62cc79105cd"
            ],
            "index": "pypi",
            "version": "==2.8.5"
        },
        "pyrsistent": {
            "hashes": [
                "sha256:28669905fe725965daa16184933676547c5bb40a5153055a8dee2a4bd7933ad3"
            ],
            "index": "pypi",
            "version": "==0.16.0"
        },
        "python-dateutil": {
            "hashes": [
                "sha256:73ebfe9dbf22e832286dafa60473e4cd239f8592f699aa5adaf10050e6e1823c",
                "sha256:75bb3f31ea686f1197762692a9ee6a7550b59fc6ca3a1f4b5d7e32fb98e2da2a"
            ],
            "index": "pypi",
            "version": "==2.8.1"
        },
        "pytz": {
            "hashes": [
                "sha256:a494d53b6d39c3c6e44c3bec237336e14305e4f29bbf800b599253057fbb79ed",
                "sha256:c35965d010ce31b23eeb663ed3cc8c906275d6be1a34393a1d73a41febf4a048"
            ],
            "index": "pypi",
            "version": "==2020.1"
        },
        "shapely": {
            "hashes": [
                "sha256:11090bd5b5f11d54e1924a11198226971dab6f392c2e5a3c74514857f764b971",
                "sha256:1af407c58e7898a511ad01dc6e7c2099493071d939340553686b27513db6478e",
                "sha256:2154b9f25c5f13785cb05ce80b2c86e542bc69671193743f29c9f4c791c35db3",
                "sha256:234c5424d61d8b263d6d20045f5f32437819627ca57c1ea0c08368013b49824b",
                "sha256:29be7767a32df19e2186288cee63e539b386a35139524dc22eeceb244d0b092b",
                "sha256:2a2d37105c1d6d936f829de6c1c4ec8d43484d7b8bae8493bdd4267140dce650",
                "sha256:3793b09cbd86fe297193b365cbaf58b2f7d1ddeb273213185b2ddbab360e54ae",
                "sha256:4acbd566544c33bbc58c7dd264638ff3b91a57d9b162693c37520ea60d13668d",
                "sha256:50f96eb9993b6d841aac0addb84ea5f9da81c3fa97e1ec67c11964c8bb4fa0a5",
                "sha256:640e8a82b5f69ccd14e7520dd66d1247cf362096586e663ef9b8098cc0cb272b",
                "sha256:7554b1acd64a34d78189ab2f691bac967e0d9b38a4f345044552f9dcf3f92149",
                "sha256:7e9b01e89712fd988f931721fa36298e06a02eedf87fe7a7fd704d08f74c00f1",
                "sha256:9c62a9f7adceaa3110f2ec359c70dddd1640191609e91029e4d307e63fc8a5af",
                "sha256:a6c07b3b87455d107b0e4097889e9aba80a0812abf32a322a133af819b85d68a",
                "sha256:ae9a2da2b30c0b42029337854f78c71c28d285d254efd5f3be3700d997bfd18e",
                "sha256:b845a97f8366cc4aca197c3b04304cc301d9250518123155732da6a0e0575b49",
                "sha256:cc0fb1851b59473d2fa2f257f1e35740875af3f402c4575b4115028234e6f2eb",
                "sha256:e21a9fe1a416463ff11ae037766fe410526c95700b9e545372475d2361cc951e",
                "sha256:f7eb83fb36755edcbeb76fb367104efdf980307536c38ef610cb2e1a321defe0"
            ],
            "index": "pypi",
            "version": "==1.7.0"
        },
        "six": {
            "hashes": [
                "sha256:30639c035cdb23534cd4aa2dd52c3bf48f06e5f4a941509c8bafd8ce11080259",
                "sha256:8b74bedcbbbaca38ff6d7491d76f2b06b3592611af620f8426e82dddb04a5ced"
            ],
            "index": "pypi",
            "version": "==1.15.0"
        },
        "sqlalchemy": {
            "hashes": [
                "sha256:072766c3bd09294d716b2d114d46ffc5ccf8ea0b714a4e1c48253014b771c6bb",
                "sha256:107d4af989831d7b091e382d192955679ec07a9209996bf8090f1f539ffc5804",
                "sha256:15c0bcd3c14f4086701c33a9e87e2c7ceb3bcb4a246cd88ec54a49cf2a5bd1a6",
                "sha256:26c5ca9d09f0e21b8671a32f7d83caad5be1f6ff45eef5ec2f6fd0db85fc5dc0",
                "sha256:276936d41111a501cf4a1a0543e25449108d87e9f8c94714f7660eaea89ae5fe",
                "sha256:3292a28344922415f939ee7f4fc0c186f3d5a0bf02192ceabd4f1129d71b08de",
                "sha256:33d29ae8f1dc7c75b191bb6833f55a19c932514b9b5ce8c3ab9bc3047da5db36",
                "sha256:3bba2e9fbedb0511769780fe1d63007081008c5c2d7d715e91858c94dbaa260e",
                "sha256:465c999ef30b1c7525f81330184121521418a67189053bcf585824d833c05b66",
                "sha256:51064ee7938526bab92acd049d41a1dc797422256086b39c08bafeffb9d304c6",
                "sha256:5a49e8473b1ab1228302ed27365ea0fadd4bf44bc0f9e73fe38e10fdd3d6b4fc",
                "sha256:618db68745682f64cedc96ca93707805d1f3a031747b5a0d8e150cfd5055ae4d",
                "sha256:6547b27698b5b3bbfc5210233bd9523de849b2bb8a0329cd754c9308fc8a05ce",
                "sha256:6557af9e0d23f46b8cd56f8af08eaac72d2e3c632ac8d5cf4e20215a8dca7cea",
                "sha256:73a40d4fcd35fdedce07b5885905753d5d4edf413fbe53544dd871f27d48bd4f",
                "sha256:8280f9dae4adb5889ce0bb3ec6a541bf05434db5f9ab7673078c00713d148365",
                "sha256:83469ad15262402b0e0974e612546bc0b05f379b5aa9072ebf66d0f8fef16bea",
                "sha256:860d0fe234922fd5552b7f807fbb039e3e7ca58c18c8d38aa0d0a95ddf4f6c23",
                "sha256:883c9fb62cebd1e7126dd683222b3b919657590c3e2db33bdc50ebbad53e0338",
                "sha256:8afcb6f4064d234a43fea108859942d9795c4060ed0fbd9082b0f280181a15c1",
                "sha256:96f51489ac187f4bab588cf51f9ff2d40b6d170ac9a4270ffaed535c8404256b",
                "sha256:9e865835e36dfbb1873b65e722ea627c096c11b05f796831e3a9b542926e979e",
                "sha256:aa0554495fe06172b550098909be8db79b5accdf6ffb59611900bea345df5eba",
                "sha256:b595e71c51657f9ee3235db8b53d0b57c09eee74dfb5b77edff0e46d2218dc02",
                "sha256:b6ff91356354b7ff3bd208adcf875056d3d886ed7cef90c571aef2ab8a554b12",
                "sha256:b70bad2f1a5bd3460746c3fb3ab69e4e0eb5f59d977a23f9b66e5bdc74d97b86",
                "sha256:c7adb1f69a80573698c2def5ead584138ca00fff4ad9785a4b0b2bf927ba308d",
                "sha256:c898b3ebcc9eae7b36bd0b4bbbafce2d8076680f6868bcbacee2d39a7a9726a7",
                "sha256:e49947d583fe4d29af528677e4f0aa21f5e535ca2ae69c48270ebebd0d8843c0",
                "sha256:eb1d71643e4154398b02e88a42fc8b29db8c44ce4134cf0f4474bfc5cb5d4dac",
                "sha256:f2e8a9c0c8813a468aa659a01af6592f71cd30237ec27c4cc0683f089f90dcfc",
                "sha256:fe7fe11019fc3e6600819775a7d55abc5446dda07e9795f5954fdbf8a49e1c37"
            ],
            "index": "pypi",
            "version": "==1.3.19"
        },
        "werkzeug": {
            "hashes": [
                "sha256:1e0dedc2acb1f46827daa2e399c1485c8fa17c0d8e70b6b875b4e7f54bf408d2",
                "sha256:b353856d37dec59d6511359f97f6a4b2468442e454bd1c98298ddce53cac1f04"
            ],
            "index": "pypi",
            "version": "==0.16.1"
        }
    },
    "develop": {}
}
